
Microsoft Visual Studio Solution File, Format Version 12.00
# Visual Studio 2013
VisualStudioVersion = 12.0.30723.0
MinimumVisualStudioVersion = 10.0.40219.1
Project("{FAE04EC0-301F-11D3-BF4B-00C04F79EFBC}") = "Zoo.WebUI", "Zoo.WebUI\Zoo.WebUI.csproj", "{BDCE6454-4DA7-4025-BAAD-A99B5EA93607}"
EndProject
Global
	GlobalSection(SolutionConfigurationPlatforms) = preSolution
		Debug|Any CPU = Debug|Any CPU
		Release|Any CPU = Release|Any CPU
	EndGlobalSection
	GlobalSection(ProjectConfigurationPlatforms) = postSolution
		{BDCE6454-4DA7-4025-BAAD-A99B5EA93607}.Debug|Any CPU.ActiveCfg = Debug|Any CPU
		{BDCE6454-4DA7-4025-BAAD-A99B5EA93607}.Debug|Any CPU.Build.0 = Debug|Any CPU
		{BDCE6454-4DA7-4025-BAAD-A99B5EA93607}.Release|Any CPU.ActiveCfg = Release|Any CPU
		{BDCE6454-4DA7-4025-BAAD-A99B5EA93607}.Release|Any CPU.Build.0 = Release|Any CPU
	EndGlobalSection
	GlobalSection(SolutionProperties) = preSolution
		HideSolutionNode = FALSE
	EndGlobalSection
EndGlobal
